
Microsoft Visual Studio Solution File, Format Version 12.00
# Visual Studio Version 16
VisualStudioVersion = 16.0.29215.179
MinimumVisualStudioVersion = 10.0.40219.1
Project("{FAE04EC0-301F-11D3-BF4B-00C04F79EFBC}") = "ExceptionManager.Tests", "ExceptionManager.Tests\ExceptionManager.Tests.csproj", "{DCB0A36F-ED42-4262-A5D6-DAFF413132E7}"
EndProject
Global
	GlobalSection(SolutionConfigurationPlatforms) = preSolution
		Debug|Any CPU = Debug|Any CPU
		Release|Any CPU = Release|Any CPU
	EndGlobalSection
	GlobalSection(ProjectConfigurationPlatforms) = postSolution
		{DCB0A36F-ED42-4262-A5D6-DAFF413132E7}.Debug|Any CPU.ActiveCfg = Debug|Any CPU
		{DCB0A36F-ED42-4262-A5D6-DAFF413132E7}.Debug|Any CPU.Build.0 = Debug|Any CPU
		{DCB0A36F-ED42-4262-A5D6-DAFF413132E7}.Release|Any CPU.ActiveCfg = Release|Any CPU
		{DCB0A36F-ED42-4262-A5D6-DAFF413132E7}.Release|Any CPU.Build.0 = Release|Any CPU
	EndGlobalSection
	GlobalSection(SolutionProperties) = preSolution
		HideSolutionNode = FALSE
	EndGlobalSection
	GlobalSection(ExtensibilityGlobals) = postSolution
		SolutionGuid = {78B8A24A-A474-4534-B30D-AC446FEEED73}
	EndGlobalSection
EndGlobal
